
Microsoft Visual Studio Solution File, Format Version 12.00
# Visual Studio Version 17
VisualStudioVersion = 17.0.32014.148
MinimumVisualStudioVersion = 10.0.40219.1
Project("{9A19103F-16F7-4668-BE54-9A1E7A4F7556}") = "PetSpa0.2", "PetSpa0.2\PetSpa0.2.csproj", "{2A1A9F98-33DB-4F5D-88DC-06BAD449442D}"
EndProject
Project("{9A19103F-16F7-4668-BE54-9A1E7A4F7556}") = "PetSpa.Core", "PetSpa.Core\PetSpa.Core.csproj", "{B7757B99-F540-432A-8144-9F2FDA17A060}"
EndProject
Project("{9A19103F-16F7-4668-BE54-9A1E7A4F7556}") = "PetSpa.Infrastructure", "PetSpa.Infrastructure\PetSpa.Infrastructure.csproj", "{C3785772-C68F-4820-B6B2-A9D57A95656F}"
EndProject
Project("{9A19103F-16F7-4668-BE54-9A1E7A4F7556}") = "PetSpa.Api", "PetSpa.Api\PetSpa.Api.csproj", "{3AAE46C0-7E14-4E80-B9A4-210D19F0FDD7}"
EndProject
Project("{FAE04EC0-301F-11D3-BF4B-00C04F79EFBC}") = "PetSpa.Test", "PetSpa.Test\PetSpa.Test.csproj", "{91844612-D510-4A3E-85BD-F7F70B857638}"
EndProject
Global
	GlobalSection(SolutionConfigurationPlatforms) = preSolution
		Debug|Any CPU = Debug|Any CPU
		Release|Any CPU = Release|Any CPU
	EndGlobalSection
	GlobalSection(ProjectConfigurationPlatforms) = postSolution
		{2A1A9F98-33DB-4F5D-88DC-06BAD449442D}.Debug|Any CPU.ActiveCfg = Debug|Any CPU
		{2A1A9F98-33DB-4F5D-88DC-06BAD449442D}.Debug|Any CPU.Build.0 = Debug|Any CPU
		{2A1A9F98-33DB-4F5D-88DC-06BAD449442D}.Release|Any CPU.ActiveCfg = Release|Any CPU
		{2A1A9F98-33DB-4F5D-88DC-06BAD449442D}.Release|Any CPU.Build.0 = Release|Any CPU
		{B7757B99-F540-432A-8144-9F2FDA17A060}.Debug|Any CPU.ActiveCfg = Debug|Any CPU
		{B7757B99-F540-432A-8144-9F2FDA17A060}.Debug|Any CPU.Build.0 = Debug|Any CPU
		{B7757B99-F540-432A-8144-9F2FDA17A060}.Release|Any CPU.ActiveCfg = Release|Any CPU
		{B7757B99-F540-432A-8144-9F2FDA17A060}.Release|Any CPU.Build.0 = Release|Any CPU
		{C3785772-C68F-4820-B6B2-A9D57A95656F}.Debug|Any CPU.ActiveCfg = Debug|Any CPU
		{C3785772-C68F-4820-B6B2-A9D57A95656F}.Debug|Any CPU.Build.0 = Debug|Any CPU
		{C3785772-C68F-4820-B6B2-A9D57A95656F}.Release|Any CPU.ActiveCfg = Release|Any CPU
		{C3785772-C68F-4820-B6B2-A9D57A95656F}.Release|Any CPU.Build.0 = Release|Any CPU
		{3AAE46C0-7E14-4E80-B9A4-210D19F0FDD7}.Debug|Any CPU.ActiveCfg = Debug|Any CPU
		{3AAE46C0-7E14-4E80-B9A4-210D19F0FDD7}.Debug|Any CPU.Build.0 = Debug|Any CPU
		{3AAE46C0-7E14-4E80-B9A4-210D19F0FDD7}.Release|Any CPU.ActiveCfg = Release|Any CPU
		{3AAE46C0-7E14-4E80-B9A4-210D19F0FDD7}.Release|Any CPU.Build.0 = Release|Any CPU
		{91844612-D510-4A3E-85BD-F7F70B857638}.Debug|Any CPU.ActiveCfg = Debug|Any CPU
		{91844612-D510-4A3E-85BD-F7F70B857638}.Debug|Any CPU.Build.0 = Debug|Any CPU
		{91844612-D510-4A3E-85BD-F7F70B857638}.Release|Any CPU.ActiveCfg = Release|Any CPU
		{91844612-D510-4A3E-85BD-F7F70B857638}.Release|Any CPU.Build.0 = Release|Any CPU
	EndGlobalSection
	GlobalSection(SolutionProperties) = preSolution
		HideSolutionNode = FALSE
	EndGlobalSection
	GlobalSection(ExtensibilityGlobals) = postSolution
		SolutionGuid = {19C41CED-E2B8-44B1-9E3B-6F32CF2BC100}
	EndGlobalSection
EndGlobal
